PODS:
  - Alamofire (5.4.0)
  - ObjectMapper (4.2.0)
  - Realm (10.0.0):
    - Realm/Headers (= 10.0.0)
  - Realm/Headers (10.0.0)
  - RealmSwift (10.0.0):
    - Realm (= 10.0.0)
  - SnapKit (4.2.0)

DEPENDENCIES:
  - Alamofire (~> 5.2)
  - ObjectMapper
  - RealmSwift (= 10.0.0)
  - SnapKit (~> 4.0)

SPEC REPOS:
  trunk:
    - Alamofire
    - ObjectMapper
    - Realm
    - RealmSwift
    - SnapKit

SPEC CHECKSUMS:
  Alamofire: 3b6a534a3df22db367e4dedeeca73d1ddfcf0e2f
  ObjectMapper: 1eb41f610210777375fa806bf161dc39fb832b81
  Realm: 5654b8e5e45034d07b219e089034be2ef7d1e7bf
  RealmSwift: 5b4c8c85be4c14ff52054a4d80a8d338167dd79c
  SnapKit: fe8a619752f3f27075cc9a90244d75c6c3f27e2a

PODFILE CHECKSUM: d893ec2db8c71551eb9cfc51b74a84bc39500dd6

COCOAPODS: 1.9.3
